
Microsoft Visual Studio Solution File, Format Version 10.00
# Visual Studio 2008
Project("{F184B08F-C81C-45F6-A57F-5ABD9991F28F}") = "ColorSettingsNET", "ColorSettingsNET\ColorSettingsNET.vbproj", "{34C84439-B57B-49F9-BA79-437EDFD7A2E7}"
EndProject
Project("{F184B08F-C81C-45F6-A57F-5ABD9991F28F}") = "ColorParamLib", "..\ColorParamLib\ColorParamLib.vbproj", "{2DB15E92-2154-4BCD-8643-C042F883342E}"
EndProject
Project("{F184B08F-C81C-45F6-A57F-5ABD9991F28F}") = "ColorGeneral", "..\ColorGeneral\ColorGeneral.vbproj", "{123FAC32-3CD0-49BB-AEA9-45D98FF73493}"
EndProject
Project("{F184B08F-C81C-45F6-A57F-5ABD9991F28F}") = "ColorStructures", "..\ColorStructures\ColorStructures.vbproj", "{9A27D4D9-1710-4871-9FA7-EE5E81AF4E1E}"
EndProject
Project("{F184B08F-C81C-45F6-A57F-5ABD9991F28F}") = "ColorSettingsTest", "ColorSettingsTest\ColorSettingsTest.vbproj", "{9F615FFB-DFD3-44B0-9E14-3642802EFE72}"
EndProject
Project("{F184B08F-C81C-45F6-A57F-5ABD9991F28F}") = "GeneralLibrary", "..\..\GeneralLibrary\GeneralLibrary.vbproj", "{A9F3D1F4-BA26-48B8-BE4D-ECBDC2D08891}"
EndProject
Global
	GlobalSection(SolutionConfigurationPlatforms) = preSolution
		Debug|Any CPU = Debug|Any CPU
		Release|Any CPU = Release|Any CPU
	EndGlobalSection
	GlobalSection(ProjectConfigurationPlatforms) = postSolution
		{34C84439-B57B-49F9-BA79-437EDFD7A2E7}.Debug|Any CPU.ActiveCfg = Debug|Any CPU
		{34C84439-B57B-49F9-BA79-437EDFD7A2E7}.Debug|Any CPU.Build.0 = Debug|Any CPU
		{34C84439-B57B-49F9-BA79-437EDFD7A2E7}.Release|Any CPU.ActiveCfg = Release|Any CPU
		{34C84439-B57B-49F9-BA79-437EDFD7A2E7}.Release|Any CPU.Build.0 = Release|Any CPU
		{2DB15E92-2154-4BCD-8643-C042F883342E}.Debug|Any CPU.ActiveCfg = Debug|Any CPU
		{2DB15E92-2154-4BCD-8643-C042F883342E}.Debug|Any CPU.Build.0 = Debug|Any CPU
		{2DB15E92-2154-4BCD-8643-C042F883342E}.Release|Any CPU.ActiveCfg = Release|Any CPU
		{2DB15E92-2154-4BCD-8643-C042F883342E}.Release|Any CPU.Build.0 = Release|Any CPU
		{123FAC32-3CD0-49BB-AEA9-45D98FF73493}.Debug|Any CPU.ActiveCfg = Debug|Any CPU
		{123FAC32-3CD0-49BB-AEA9-45D98FF73493}.Debug|Any CPU.Build.0 = Debug|Any CPU
		{123FAC32-3CD0-49BB-AEA9-45D98FF73493}.Release|Any CPU.ActiveCfg = Release|Any CPU
		{123FAC32-3CD0-49BB-AEA9-45D98FF73493}.Release|Any CPU.Build.0 = Release|Any CPU
		{9A27D4D9-1710-4871-9FA7-EE5E81AF4E1E}.Debug|Any CPU.ActiveCfg = Debug|Any CPU
		{9A27D4D9-1710-4871-9FA7-EE5E81AF4E1E}.Debug|Any CPU.Build.0 = Debug|Any CPU
		{9A27D4D9-1710-4871-9FA7-EE5E81AF4E1E}.Release|Any CPU.ActiveCfg = Release|Any CPU
		{9A27D4D9-1710-4871-9FA7-EE5E81AF4E1E}.Release|Any CPU.Build.0 = Release|Any CPU
		{9F615FFB-DFD3-44B0-9E14-3642802EFE72}.Debug|Any CPU.ActiveCfg = Debug|Any CPU
		{9F615FFB-DFD3-44B0-9E14-3642802EFE72}.Debug|Any CPU.Build.0 = Debug|Any CPU
		{9F615FFB-DFD3-44B0-9E14-3642802EFE72}.Release|Any CPU.ActiveCfg = Release|Any CPU
		{9F615FFB-DFD3-44B0-9E14-3642802EFE72}.Release|Any CPU.Build.0 = Release|Any CPU
		{A9F3D1F4-BA26-48B8-BE4D-ECBDC2D08891}.Debug|Any CPU.ActiveCfg = Debug|Any CPU
		{A9F3D1F4-BA26-48B8-BE4D-ECBDC2D08891}.Debug|Any CPU.Build.0 = Debug|Any CPU
		{A9F3D1F4-BA26-48B8-BE4D-ECBDC2D08891}.Release|Any CPU.ActiveCfg = Release|Any CPU
		{A9F3D1F4-BA26-48B8-BE4D-ECBDC2D08891}.Release|Any CPU.Build.0 = Release|Any CPU
	EndGlobalSection
	GlobalSection(SolutionProperties) = preSolution
		HideSolutionNode = FALSE
	EndGlobalSection
EndGlobal
